
Microsoft Visual Studio Solution File, Format Version 12.00
# Visual Studio Version 16
VisualStudioVersion = 16.0.29418.71
MinimumVisualStudioVersion = 10.0.40219.1
Project("{FAE04EC0-301F-11D3-BF4B-00C04F79EFBC}") = "Test.Fizzbuzz", "Test.Fizzbuzz\Test.Fizzbuzz.csproj", "{39CFDB72-427D-4C64-AB5C-1438DC61488E}"
EndProject
Project("{FAE04EC0-301F-11D3-BF4B-00C04F79EFBC}") = "FizzBuzz", "FizzBuzz\FizzBuzz.csproj", "{0B5C093C-E3FB-4233-9591-39B87EC3F07B}"
EndProject
Global
	GlobalSection(SolutionConfigurationPlatforms) = preSolution
		Debug|Any CPU = Debug|Any CPU
		Release|Any CPU = Release|Any CPU
	EndGlobalSection
	GlobalSection(ProjectConfigurationPlatforms) = postSolution
		{39CFDB72-427D-4C64-AB5C-1438DC61488E}.Debug|Any CPU.ActiveCfg = Debug|Any CPU
		{39CFDB72-427D-4C64-AB5C-1438DC61488E}.Debug|Any CPU.Build.0 = Debug|Any CPU
		{39CFDB72-427D-4C64-AB5C-1438DC61488E}.Release|Any CPU.ActiveCfg = Release|Any CPU
		{39CFDB72-427D-4C64-AB5C-1438DC61488E}.Release|Any CPU.Build.0 = Release|Any CPU
		{0B5C093C-E3FB-4233-9591-39B87EC3F07B}.Debug|Any CPU.ActiveCfg = Debug|Any CPU
		{0B5C093C-E3FB-4233-9591-39B87EC3F07B}.Debug|Any CPU.Build.0 = Debug|Any CPU
		{0B5C093C-E3FB-4233-9591-39B87EC3F07B}.Release|Any CPU.ActiveCfg = Release|Any CPU
		{0B5C093C-E3FB-4233-9591-39B87EC3F07B}.Release|Any CPU.Build.0 = Release|Any CPU
	EndGlobalSection
	GlobalSection(SolutionProperties) = preSolution
		HideSolutionNode = FALSE
	EndGlobalSection
	GlobalSection(ExtensibilityGlobals) = postSolution
		SolutionGuid = {8A3C27CD-A966-4D34-A1AF-CDF1D2AF1DBA}
	EndGlobalSection
EndGlobal
